
Microsoft Visual Studio Solution File, Format Version 12.00
# Visual Studio Version 16
VisualStudioVersion = 16.0.31702.278
MinimumVisualStudioVersion = 10.0.40219.1
Project("{FAE04EC0-301F-11D3-BF4B-00C04F79EFBC}") = "Roleauth3", "Roleauth3\Roleauth3.csproj", "{9D34645E-675F-431C-9377-18031889A37A}"
EndProject
Global
	GlobalSection(SolutionConfigurationPlatforms) = preSolution
		Debug|Any CPU = Debug|Any CPU
		Release|Any CPU = Release|Any CPU
	EndGlobalSection
	GlobalSection(ProjectConfigurationPlatforms) = postSolution
		{9D34645E-675F-431C-9377-18031889A37A}.Debug|Any CPU.ActiveCfg = Debug|Any CPU
		{9D34645E-675F-431C-9377-18031889A37A}.Debug|Any CPU.Build.0 = Debug|Any CPU
		{9D34645E-675F-431C-9377-18031889A37A}.Release|Any CPU.ActiveCfg = Release|Any CPU
		{9D34645E-675F-431C-9377-18031889A37A}.Release|Any CPU.Build.0 = Release|Any CPU
	EndGlobalSection
	GlobalSection(SolutionProperties) = preSolution
		HideSolutionNode = FALSE
	EndGlobalSection
	GlobalSection(ExtensibilityGlobals) = postSolution
		SolutionGuid = {B2C65B24-2430-4B79-8CB3-313A2C2CE2C2}
	EndGlobalSection
EndGlobal
